
Microsoft Visual Studio Solution File, Format Version 12.00
# Visual Studio Version 17
VisualStudioVersion = 17.11.35327.3
MinimumVisualStudioVersion = 10.0.40219.1
Project("{FAE04EC0-301F-11D3-BF4B-00C04F79EFBC}") = "FufelMarketBackend", "FufelMarketBackend\FufelMarketBackend.csproj", "{A5233CC8-9962-4B48-8CC1-287023A3C1F7}"
EndProject
Global
	GlobalSection(SolutionConfigurationPlatforms) = preSolution
		Debug|Any CPU = Debug|Any CPU
		Release|Any CPU = Release|Any CPU
	EndGlobalSection
	GlobalSection(ProjectConfigurationPlatforms) = postSolution
		{A5233CC8-9962-4B48-8CC1-287023A3C1F7}.Debug|Any CPU.ActiveCfg = Debug|Any CPU
		{A5233CC8-9962-4B48-8CC1-287023A3C1F7}.Debug|Any CPU.Build.0 = Debug|Any CPU
		{A5233CC8-9962-4B48-8CC1-287023A3C1F7}.Release|Any CPU.ActiveCfg = Release|Any CPU
		{A5233CC8-9962-4B48-8CC1-287023A3C1F7}.Release|Any CPU.Build.0 = Release|Any CPU
	EndGlobalSection
	GlobalSection(SolutionProperties) = preSolution
		HideSolutionNode = FALSE
	EndGlobalSection
	GlobalSection(ExtensibilityGlobals) = postSolution
		SolutionGuid = {A37FB815-44D8-47DB-89C8-E438E69BCB4C}
	EndGlobalSection
EndGlobal
